
Microsoft Visual Studio Solution File, Format Version 12.00
# Visual Studio Version 16
VisualStudioVersion = 16.0.29519.181
MinimumVisualStudioVersion = 10.0.40219.1
Project("{9A19103F-16F7-4668-BE54-9A1E7A4F7556}") = "Brainf_ckSharp.Legacy", "_legacy\Brainf_ckSharp\Brainf_ckSharp.Legacy.csproj", "{29C20CF8-6019-427B-9987-E6059BA657E4}"
EndProject
Project("{FAE04EC0-301F-11D3-BF4B-00C04F79EFBC}") = "Brainf_ckSharp.Legacy.UWP", "_legacy\Brainf_ckSharp.UWP\Brainf_ckSharp.Legacy.UWP.csproj", "{F80A99AB-BB3F-4833-9725-B6010B718687}"
EndProject
Project("{9A19103F-16F7-4668-BE54-9A1E7A4F7556}") = "Brainf_ckSharp.Legacy.Unit", "_legacy\unit\Brainf_ckSharp.Unit\Brainf_ckSharp.Legacy.Unit.csproj", "{3447C213-2FCA-4B36-9B70-623B62FEFA43}"
EndProject
Project("{9A19103F-16F7-4668-BE54-9A1E7A4F7556}") = "Brainf_ckSharp.Profiler", "_legacy\unit\Brainf_ckSharp.Profiler\Brainf_ckSharp.Profiler.csproj", "{E8A6DE4F-8B0B-4BB4-89F2-FEDD0D15695D}"
EndProject
Project("{9A19103F-16F7-4668-BE54-9A1E7A4F7556}") = "Brainf_ckSharp", "src\Brainf_ckSharp\Brainf_ckSharp.csproj", "{ACEEA540-7A2C-4705-AC68-5A8C3A5C2A38}"
EndProject
Project("{9A19103F-16F7-4668-BE54-9A1E7A4F7556}") = "Brainf_ckSharp.Unit", "unit\Brainf_ck-sharp.NET.Unit\Brainf_ckSharp.Unit.csproj", "{2F386A53-B0E4-4AEC-8E3B-3963D3618AF4}"
EndProject
Project("{9A19103F-16F7-4668-BE54-9A1E7A4F7556}") = "Brainf_ckSharp.Unit.Internals", "unit\Brainf_ck-sharp.Unit.Internals\Brainf_ckSharp.Unit.Internals.csproj", "{5482BCBE-6A23-4A3D-A0BE-851698B2E73F}"
EndProject
Project("{2150E333-8FDC-42A3-9474-1A3956D46DE8}") = "Unit", "Unit", "{33D9956A-7535-49AE-811D-B3A4E41E4452}"
EndProject
Project("{2150E333-8FDC-42A3-9474-1A3956D46DE8}") = "_Legacy", "_Legacy", "{B16A8398-D555-46C8-972A-3F044BEBF8F3}"
EndProject
Project("{2150E333-8FDC-42A3-9474-1A3956D46DE8}") = "Unit", "Unit", "{E063B8CE-478C-43E7-B741-B45EEABA52DB}"
EndProject
Project("{2150E333-8FDC-42A3-9474-1A3956D46DE8}") = "_SolutionItems", "_SolutionItems", "{7545C40B-F543-4122-90CF-8E2E5159D215}"
	ProjectSection(SolutionItems) = preProject
		.gitattributes = .gitattributes
		.gitignore = .gitignore
		README.md = README.md
	EndProjectSection
EndProject
Project("{FAE04EC0-301F-11D3-BF4B-00C04F79EFBC}") = "Brainf_ckSharp.Uwp", "src\Brainf_ckSharp.Uwp\Brainf_ckSharp.Uwp.csproj", "{45467BB7-1876-4182-B6B5-B0E5986CD96D}"
EndProject
Project("{9A19103F-16F7-4668-BE54-9A1E7A4F7556}") = "GitHub", "src\GitHub\GitHub.csproj", "{9122F0D6-AF88-46A6-B91F-EBAFE7F59672}"
EndProject
Project("{FAE04EC0-301F-11D3-BF4B-00C04F79EFBC}") = "Brainf_ckSharp.Uwp.Controls.Ide", "src\Brainf_ckSharp.Uwp.Controls.Ide\Brainf_ckSharp.Uwp.Controls.Ide.csproj", "{473069AA-080A-493E-B7A8-0BEE7B0B00F1}"
EndProject
Project("{FAE04EC0-301F-11D3-BF4B-00C04F79EFBC}") = "Brainf_ckSharp.Uwp.Themes", "src\Brainf_ckSharp.Uwp.Themes\Brainf_ckSharp.Uwp.Themes.csproj", "{BD6F7B87-B1AA-46A7-B03A-9D299EA6F636}"
EndProject
Global
	GlobalSection(SolutionConfigurationPlatforms) = preSolution
		Debug|Any CPU = Debug|Any CPU
		Debug|ARM = Debug|ARM
		Debug|ARM64 = Debug|ARM64
		Debug|x64 = Debug|x64
		Debug|x86 = Debug|x86
		Release|Any CPU = Release|Any CPU
		Release|ARM = Release|ARM
		Release|ARM64 = Release|ARM64
		Release|x64 = Release|x64
		Release|x86 = Release|x86
	EndGlobalSection
	GlobalSection(ProjectConfigurationPlatforms) = postSolution
		{29C20CF8-6019-427B-9987-E6059BA657E4}.Debug|Any CPU.ActiveCfg = Debug|Any CPU
		{29C20CF8-6019-427B-9987-E6059BA657E4}.Debug|Any CPU.Build.0 = Debug|Any CPU
		{29C20CF8-6019-427B-9987-E6059BA657E4}.Debug|ARM.ActiveCfg = Debug|Any CPU
		{29C20CF8-6019-427B-9987-E6059BA657E4}.Debug|ARM.Build.0 = Debug|Any CPU
		{29C20CF8-6019-427B-9987-E6059BA657E4}.Debug|ARM64.ActiveCfg = Debug|Any CPU
		{29C20CF8-6019-427B-9987-E6059BA657E4}.Debug|ARM64.Build.0 = Debug|Any CPU
		{29C20CF8-6019-427B-9987-E6059BA657E4}.Debug|x64.ActiveCfg = Debug|Any CPU
		{29C20CF8-6019-427B-9987-E6059BA657E4}.Debug|x64.Build.0 = Debug|Any CPU
		{29C20CF8-6019-427B-9987-E6059BA657E4}.Debug|x86.ActiveCfg = Debug|Any CPU
		{29C20CF8-6019-427B-9987-E6059BA657E4}.Debug|x86.Build.0 = Debug|Any CPU
		{29C20CF8-6019-427B-9987-E6059BA657E4}.Release|Any CPU.ActiveCfg = Release|Any CPU
		{29C20CF8-6019-427B-9987-E6059BA657E4}.Release|Any CPU.Build.0 = Release|Any CPU
		{29C20CF8-6019-427B-9987-E6059BA657E4}.Release|ARM.ActiveCfg = Release|Any CPU
		{29C20CF8-6019-427B-9987-E6059BA657E4}.Release|ARM.Build.0 = Release|Any CPU
		{29C20CF8-6019-427B-9987-E6059BA657E4}.Release|ARM64.ActiveCfg = Release|Any CPU
		{29C20CF8-6019-427B-9987-E6059BA657E4}.Release|ARM64.Build.0 = Release|Any CPU
		{29C20CF8-6019-427B-9987-E6059BA657E4}.Release|x64.ActiveCfg = Release|Any CPU
		{29C20CF8-6019-427B-9987-E6059BA657E4}.Release|x64.Build.0 = Release|Any CPU
		{29C20CF8-6019-427B-9987-E6059BA657E4}.Release|x86.ActiveCfg = Release|Any CPU
		{29C20CF8-6019-427B-9987-E6059BA657E4}.Release|x86.Build.0 = Release|Any CPU
		{F80A99AB-BB3F-4833-9725-B6010B718687}.Debug|Any CPU.ActiveCfg = Debug|x86
		{F80A99AB-BB3F-4833-9725-B6010B718687}.Debug|ARM.ActiveCfg = Debug|ARM
		{F80A99AB-BB3F-4833-9725-B6010B718687}.Debug|ARM.Build.0 = Debug|ARM
		{F80A99AB-BB3F-4833-9725-B6010B718687}.Debug|ARM.Deploy.0 = Debug|ARM
		{F80A99AB-BB3F-4833-9725-B6010B718687}.Debug|ARM64.ActiveCfg = Debug|Any CPU
		{F80A99AB-BB3F-4833-9725-B6010B718687}.Debug|ARM64.Build.0 = Debug|Any CPU
		{F80A99AB-BB3F-4833-9725-B6010B718687}.Debug|ARM64.Deploy.0 = Debug|Any CPU
		{F80A99AB-BB3F-4833-9725-B6010B718687}.Debug|x64.ActiveCfg = Debug|x64
		{F80A99AB-BB3F-4833-9725-B6010B718687}.Debug|x64.Build.0 = Debug|x64
		{F80A99AB-BB3F-4833-9725-B6010B718687}.Debug|x64.Deploy.0 = Debug|x64
		{F80A99AB-BB3F-4833-9725-B6010B718687}.Debug|x86.ActiveCfg = Debug|x86
		{F80A99AB-BB3F-4833-9725-B6010B718687}.Debug|x86.Build.0 = Debug|x86
		{F80A99AB-BB3F-4833-9725-B6010B718687}.Debug|x86.Deploy.0 = Debug|x86
		{F80A99AB-BB3F-4833-9725-B6010B718687}.Release|Any CPU.ActiveCfg = Release|x86
		{F80A99AB-BB3F-4833-9725-B6010B718687}.Release|ARM.ActiveCfg = Release|ARM
		{F80A99AB-BB3F-4833-9725-B6010B718687}.Release|ARM.Build.0 = Release|ARM
		{F80A99AB-BB3F-4833-9725-B6010B718687}.Release|ARM.Deploy.0 = Release|ARM
		{F80A99AB-BB3F-4833-9725-B6010B718687}.Release|ARM64.ActiveCfg = Release|Any CPU
		{F80A99AB-BB3F-4833-9725-B6010B718687}.Release|ARM64.Build.0 = Release|Any CPU
		{F80A99AB-BB3F-4833-9725-B6010B718687}.Release|ARM64.Deploy.0 = Release|Any CPU
		{F80A99AB-BB3F-4833-9725-B6010B718687}.Release|x64.ActiveCfg = Release|x64
		{F80A99AB-BB3F-4833-9725-B6010B718687}.Release|x64.Build.0 = Release|x64
		{F80A99AB-BB3F-4833-9725-B6010B718687}.Release|x64.Deploy.0 = Release|x64
		{F80A99AB-BB3F-4833-9725-B6010B718687}.Release|x86.ActiveCfg = Release|x86
		{F80A99AB-BB3F-4833-9725-B6010B718687}.Release|x86.Build.0 = Release|x86
		{F80A99AB-BB3F-4833-9725-B6010B718687}.Release|x86.Deploy.0 = Release|x86
		{3447C213-2FCA-4B36-9B70-623B62FEFA43}.Debug|Any CPU.ActiveCfg = Debug|Any CPU
		{3447C213-2FCA-4B36-9B70-623B62FEFA43}.Debug|Any CPU.Build.0 = Debug|Any CPU
		{3447C213-2FCA-4B36-9B70-623B62FEFA43}.Debug|ARM.ActiveCfg = Debug|Any CPU
		{3447C213-2FCA-4B36-9B70-623B62FEFA43}.Debug|ARM.Build.0 = Debug|Any CPU
		{3447C213-2FCA-4B36-9B70-623B62FEFA43}.Debug|ARM64.ActiveCfg = Debug|Any CPU
		{3447C213-2FCA-4B36-9B70-623B62FEFA43}.Debug|ARM64.Build.0 = Debug|Any CPU
		{3447C213-2FCA-4B36-9B70-623B62FEFA43}.Debug|x64.ActiveCfg = Debug|Any CPU
		{3447C213-2FCA-4B36-9B70-623B62FEFA43}.Debug|x64.Build.0 = Debug|Any CPU
		{3447C213-2FCA-4B36-9B70-623B62FEFA43}.Debug|x86.ActiveCfg = Debug|Any CPU
		{3447C213-2FCA-4B36-9B70-623B62FEFA43}.Debug|x86.Build.0 = Debug|Any CPU
		{3447C213-2FCA-4B36-9B70-623B62FEFA43}.Release|Any CPU.ActiveCfg = Release|Any CPU
		{3447C213-2FCA-4B36-9B70-623B62FEFA43}.Release|Any CPU.Build.0 = Release|Any CPU
		{3447C213-2FCA-4B36-9B70-623B62FEFA43}.Release|ARM.ActiveCfg = Release|Any CPU
		{3447C213-2FCA-4B36-9B70-623B62FEFA43}.Release|ARM.Build.0 = Release|Any CPU
		{3447C213-2FCA-4B36-9B70-623B62FEFA43}.Release|ARM64.ActiveCfg = Release|Any CPU
		{3447C213-2FCA-4B36-9B70-623B62FEFA43}.Release|ARM64.Build.0 = Release|Any CPU
		{3447C213-2FCA-4B36-9B70-623B62FEFA43}.Release|x64.ActiveCfg = Release|Any CPU
		{3447C213-2FCA-4B36-9B70-623B62FEFA43}.Release|x64.Build.0 = Release|Any CPU
		{3447C213-2FCA-4B36-9B70-623B62FEFA43}.Release|x86.ActiveCfg = Release|Any CPU
		{3447C213-2FCA-4B36-9B70-623B62FEFA43}.Release|x86.Build.0 = Release|Any CPU
		{E8A6DE4F-8B0B-4BB4-89F2-FEDD0D15695D}.Debug|Any CPU.ActiveCfg = Debug|Any CPU
		{E8A6DE4F-8B0B-4BB4-89F2-FEDD0D15695D}.Debug|Any CPU.Build.0 = Debug|Any CPU
		{E8A6DE4F-8B0B-4BB4-89F2-FEDD0D15695D}.Debug|ARM.ActiveCfg = Debug|Any CPU
		{E8A6DE4F-8B0B-4BB4-89F2-FEDD0D15695D}.Debug|ARM.Build.0 = Debug|Any CPU
		{E8A6DE4F-8B0B-4BB4-89F2-FEDD0D15695D}.Debug|ARM64.ActiveCfg = Debug|Any CPU
		{E8A6DE4F-8B0B-4BB4-89F2-FEDD0D15695D}.Debug|ARM64.Build.0 = Debug|Any CPU
		{E8A6DE4F-8B0B-4BB4-89F2-FEDD0D15695D}.Debug|x64.ActiveCfg = Debug|Any CPU
		{E8A6DE4F-8B0B-4BB4-89F2-FEDD0D15695D}.Debug|x64.Build.0 = Debug|Any CPU
		{E8A6DE4F-8B0B-4BB4-89F2-FEDD0D15695D}.Debug|x86.ActiveCfg = Debug|Any CPU
		{E8A6DE4F-8B0B-4BB4-89F2-FEDD0D15695D}.Debug|x86.Build.0 = Debug|Any CPU
		{E8A6DE4F-8B0B-4BB4-89F2-FEDD0D15695D}.Release|Any CPU.ActiveCfg = Release|Any CPU
		{E8A6DE4F-8B0B-4BB4-89F2-FEDD0D15695D}.Release|Any CPU.Build.0 = Release|Any CPU
		{E8A6DE4F-8B0B-4BB4-89F2-FEDD0D15695D}.Release|ARM.ActiveCfg = Release|Any CPU
		{E8A6DE4F-8B0B-4BB4-89F2-FEDD0D15695D}.Release|ARM.Build.0 = Release|Any CPU
		{E8A6DE4F-8B0B-4BB4-89F2-FEDD0D15695D}.Release|ARM64.ActiveCfg = Release|Any CPU
		{E8A6DE4F-8B0B-4BB4-89F2-FEDD0D15695D}.Release|ARM64.Build.0 = Release|Any CPU
		{E8A6DE4F-8B0B-4BB4-89F2-FEDD0D15695D}.Release|x64.ActiveCfg = Release|Any CPU
		{E8A6DE4F-8B0B-4BB4-89F2-FEDD0D15695D}.Release|x64.Build.0 = Release|Any CPU
		{E8A6DE4F-8B0B-4BB4-89F2-FEDD0D15695D}.Release|x86.ActiveCfg = Release|Any CPU
		{E8A6DE4F-8B0B-4BB4-89F2-FEDD0D15695D}.Release|x86.Build.0 = Release|Any CPU
		{ACEEA540-7A2C-4705-AC68-5A8C3A5C2A38}.Debug|Any CPU.ActiveCfg = Debug|Any CPU
		{ACEEA540-7A2C-4705-AC68-5A8C3A5C2A38}.Debug|Any CPU.Build.0 = Debug|Any CPU
		{ACEEA540-7A2C-4705-AC68-5A8C3A5C2A38}.Debug|ARM.ActiveCfg = Debug|Any CPU
		{ACEEA540-7A2C-4705-AC68-5A8C3A5C2A38}.Debug|ARM.Build.0 = Debug|Any CPU
		{ACEEA540-7A2C-4705-AC68-5A8C3A5C2A38}.Debug|ARM64.ActiveCfg = Debug|Any CPU
		{ACEEA540-7A2C-4705-AC68-5A8C3A5C2A38}.Debug|ARM64.Build.0 = Debug|Any CPU
		{ACEEA540-7A2C-4705-AC68-5A8C3A5C2A38}.Debug|x64.ActiveCfg = Debug|Any CPU
		{ACEEA540-7A2C-4705-AC68-5A8C3A5C2A38}.Debug|x64.Build.0 = Debug|Any CPU
		{ACEEA540-7A2C-4705-AC68-5A8C3A5C2A38}.Debug|x86.ActiveCfg = Debug|Any CPU
		{ACEEA540-7A2C-4705-AC68-5A8C3A5C2A38}.Debug|x86.Build.0 = Debug|Any CPU
		{ACEEA540-7A2C-4705-AC68-5A8C3A5C2A38}.Release|Any CPU.ActiveCfg = Release|Any CPU
		{ACEEA540-7A2C-4705-AC68-5A8C3A5C2A38}.Release|Any CPU.Build.0 = Release|Any CPU
		{ACEEA540-7A2C-4705-AC68-5A8C3A5C2A38}.Release|ARM.ActiveCfg = Release|Any CPU
		{ACEEA540-7A2C-4705-AC68-5A8C3A5C2A38}.Release|ARM.Build.0 = Release|Any CPU
		{ACEEA540-7A2C-4705-AC68-5A8C3A5C2A38}.Release|ARM64.ActiveCfg = Release|Any CPU
		{ACEEA540-7A2C-4705-AC68-5A8C3A5C2A38}.Release|ARM64.Build.0 = Release|Any CPU
		{ACEEA540-7A2C-4705-AC68-5A8C3A5C2A38}.Release|x64.ActiveCfg = Release|Any CPU
		{ACEEA540-7A2C-4705-AC68-5A8C3A5C2A38}.Release|x64.Build.0 = Release|Any CPU
		{ACEEA540-7A2C-4705-AC68-5A8C3A5C2A38}.Release|x86.ActiveCfg = Release|Any CPU
		{ACEEA540-7A2C-4705-AC68-5A8C3A5C2A38}.Release|x86.Build.0 = Release|Any CPU
		{2F386A53-B0E4-4AEC-8E3B-3963D3618AF4}.Debug|Any CPU.ActiveCfg = Debug|Any CPU
		{2F386A53-B0E4-4AEC-8E3B-3963D3618AF4}.Debug|Any CPU.Build.0 = Debug|Any CPU
		{2F386A53-B0E4-4AEC-8E3B-3963D3618AF4}.Debug|ARM.ActiveCfg = Debug|Any CPU
		{2F386A53-B0E4-4AEC-8E3B-3963D3618AF4}.Debug|ARM.Build.0 = Debug|Any CPU
		{2F386A53-B0E4-4AEC-8E3B-3963D3618AF4}.Debug|ARM64.ActiveCfg = Debug|Any CPU
		{2F386A53-B0E4-4AEC-8E3B-3963D3618AF4}.Debug|ARM64.Build.0 = Debug|Any CPU
		{2F386A53-B0E4-4AEC-8E3B-3963D3618AF4}.Debug|x64.ActiveCfg = Debug|Any CPU
		{2F386A53-B0E4-4AEC-8E3B-3963D3618AF4}.Debug|x64.Build.0 = Debug|Any CPU
		{2F386A53-B0E4-4AEC-8E3B-3963D3618AF4}.Debug|x86.ActiveCfg = Debug|Any CPU
		{2F386A53-B0E4-4AEC-8E3B-3963D3618AF4}.Debug|x86.Build.0 = Debug|Any CPU
		{2F386A53-B0E4-4AEC-8E3B-3963D3618AF4}.Release|Any CPU.ActiveCfg = Release|Any CPU
		{2F386A53-B0E4-4AEC-8E3B-3963D3618AF4}.Release|Any CPU.Build.0 = Release|Any CPU
		{2F386A53-B0E4-4AEC-8E3B-3963D3618AF4}.Release|ARM.ActiveCfg = Release|Any CPU
		{2F386A53-B0E4-4AEC-8E3B-3963D3618AF4}.Release|ARM.Build.0 = Release|Any CPU
		{2F386A53-B0E4-4AEC-8E3B-3963D3618AF4}.Release|ARM64.ActiveCfg = Release|Any CPU
		{2F386A53-B0E4-4AEC-8E3B-3963D3618AF4}.Release|ARM64.Build.0 = Release|Any CPU
		{2F386A53-B0E4-4AEC-8E3B-3963D3618AF4}.Release|x64.ActiveCfg = Release|Any CPU
		{2F386A53-B0E4-4AEC-8E3B-3963D3618AF4}.Release|x64.Build.0 = Release|Any CPU
		{2F386A53-B0E4-4AEC-8E3B-3963D3618AF4}.Release|x86.ActiveCfg = Release|Any CPU
		{2F386A53-B0E4-4AEC-8E3B-3963D3618AF4}.Release|x86.Build.0 = Release|Any CPU
		{5482BCBE-6A23-4A3D-A0BE-851698B2E73F}.Debug|Any CPU.ActiveCfg = Debug|Any CPU
		{5482BCBE-6A23-4A3D-A0BE-851698B2E73F}.Debug|Any CPU.Build.0 = Debug|Any CPU
		{5482BCBE-6A23-4A3D-A0BE-851698B2E73F}.Debug|ARM.ActiveCfg = Debug|Any CPU
		{5482BCBE-6A23-4A3D-A0BE-851698B2E73F}.Debug|ARM.Build.0 = Debug|Any CPU
		{5482BCBE-6A23-4A3D-A0BE-851698B2E73F}.Debug|ARM64.ActiveCfg = Debug|Any CPU
		{5482BCBE-6A23-4A3D-A0BE-851698B2E73F}.Debug|ARM64.Build.0 = Debug|Any CPU
		{5482BCBE-6A23-4A3D-A0BE-851698B2E73F}.Debug|x64.ActiveCfg = Debug|Any CPU
		{5482BCBE-6A23-4A3D-A0BE-851698B2E73F}.Debug|x64.Build.0 = Debug|Any CPU
		{5482BCBE-6A23-4A3D-A0BE-851698B2E73F}.Debug|x86.ActiveCfg = Debug|Any CPU
		{5482BCBE-6A23-4A3D-A0BE-851698B2E73F}.Debug|x86.Build.0 = Debug|Any CPU
		{5482BCBE-6A23-4A3D-A0BE-851698B2E73F}.Release|Any CPU.ActiveCfg = Release|Any CPU
		{5482BCBE-6A23-4A3D-A0BE-851698B2E73F}.Release|Any CPU.Build.0 = Release|Any CPU
		{5482BCBE-6A23-4A3D-A0BE-851698B2E73F}.Release|ARM.ActiveCfg = Release|Any CPU
		{5482BCBE-6A23-4A3D-A0BE-851698B2E73F}.Release|ARM.Build.0 = Release|Any CPU
		{5482BCBE-6A23-4A3D-A0BE-851698B2E73F}.Release|ARM64.ActiveCfg = Release|Any CPU
		{5482BCBE-6A23-4A3D-A0BE-851698B2E73F}.Release|ARM64.Build.0 = Release|Any CPU
		{5482BCBE-6A23-4A3D-A0BE-851698B2E73F}.Release|x64.ActiveCfg = Release|Any CPU
		{5482BCBE-6A23-4A3D-A0BE-851698B2E73F}.Release|x64.Build.0 = Release|Any CPU
		{5482BCBE-6A23-4A3D-A0BE-851698B2E73F}.Release|x86.ActiveCfg = Release|Any CPU
		{5482BCBE-6A23-4A3D-A0BE-851698B2E73F}.Release|x86.Build.0 = Release|Any CPU
		{45467BB7-1876-4182-B6B5-B0E5986CD96D}.Debug|Any CPU.ActiveCfg = Debug|x86
		{45467BB7-1876-4182-B6B5-B0E5986CD96D}.Debug|ARM.ActiveCfg = Debug|ARM
		{45467BB7-1876-4182-B6B5-B0E5986CD96D}.Debug|ARM.Build.0 = Debug|ARM
		{45467BB7-1876-4182-B6B5-B0E5986CD96D}.Debug|ARM.Deploy.0 = Debug|ARM
		{45467BB7-1876-4182-B6B5-B0E5986CD96D}.Debug|ARM64.ActiveCfg = Debug|ARM64
		{45467BB7-1876-4182-B6B5-B0E5986CD96D}.Debug|ARM64.Build.0 = Debug|ARM64
		{45467BB7-1876-4182-B6B5-B0E5986CD96D}.Debug|ARM64.Deploy.0 = Debug|ARM64
		{45467BB7-1876-4182-B6B5-B0E5986CD96D}.Debug|x64.ActiveCfg = Debug|x64
		{45467BB7-1876-4182-B6B5-B0E5986CD96D}.Debug|x64.Build.0 = Debug|x64
		{45467BB7-1876-4182-B6B5-B0E5986CD96D}.Debug|x64.Deploy.0 = Debug|x64
		{45467BB7-1876-4182-B6B5-B0E5986CD96D}.Debug|x86.ActiveCfg = Debug|x86
		{45467BB7-1876-4182-B6B5-B0E5986CD96D}.Debug|x86.Build.0 = Debug|x86
		{45467BB7-1876-4182-B6B5-B0E5986CD96D}.Debug|x86.Deploy.0 = Debug|x86
		{45467BB7-1876-4182-B6B5-B0E5986CD96D}.Release|Any CPU.ActiveCfg = Release|x86
		{45467BB7-1876-4182-B6B5-B0E5986CD96D}.Release|ARM.ActiveCfg = Release|ARM
		{45467BB7-1876-4182-B6B5-B0E5986CD96D}.Release|ARM.Build.0 = Release|ARM
		{45467BB7-1876-4182-B6B5-B0E5986CD96D}.Release|ARM.Deploy.0 = Release|ARM
		{45467BB7-1876-4182-B6B5-B0E5986CD96D}.Release|ARM64.ActiveCfg = Release|ARM64
		{45467BB7-1876-4182-B6B5-B0E5986CD96D}.Release|ARM64.Build.0 = Release|ARM64
		{45467BB7-1876-4182-B6B5-B0E5986CD96D}.Release|ARM64.Deploy.0 = Release|ARM64
		{45467BB7-1876-4182-B6B5-B0E5986CD96D}.Release|x64.ActiveCfg = Release|x64
		{45467BB7-1876-4182-B6B5-B0E5986CD96D}.Release|x64.Build.0 = Release|x64
		{45467BB7-1876-4182-B6B5-B0E5986CD96D}.Release|x64.Deploy.0 = Release|x64
		{45467BB7-1876-4182-B6B5-B0E5986CD96D}.Release|x86.ActiveCfg = Release|x86
		{45467BB7-1876-4182-B6B5-B0E5986CD96D}.Release|x86.Build.0 = Release|x86
		{45467BB7-1876-4182-B6B5-B0E5986CD96D}.Release|x86.Deploy.0 = Release|x86
		{9122F0D6-AF88-46A6-B91F-EBAFE7F59672}.Debug|Any CPU.ActiveCfg = Debug|Any CPU
		{9122F0D6-AF88-46A6-B91F-EBAFE7F59672}.Debug|Any CPU.Build.0 = Debug|Any CPU
		{9122F0D6-AF88-46A6-B91F-EBAFE7F59672}.Debug|ARM.ActiveCfg = Debug|Any CPU
		{9122F0D6-AF88-46A6-B91F-EBAFE7F59672}.Debug|ARM.Build.0 = Debug|Any CPU
		{9122F0D6-AF88-46A6-B91F-EBAFE7F59672}.Debug|ARM64.ActiveCfg = Debug|Any CPU
		{9122F0D6-AF88-46A6-B91F-EBAFE7F59672}.Debug|ARM64.Build.0 = Debug|Any CPU
		{9122F0D6-AF88-46A6-B91F-EBAFE7F59672}.Debug|x64.ActiveCfg = Debug|Any CPU
		{9122F0D6-AF88-46A6-B91F-EBAFE7F59672}.Debug|x64.Build.0 = Debug|Any CPU
		{9122F0D6-AF88-46A6-B91F-EBAFE7F59672}.Debug|x86.ActiveCfg = Debug|Any CPU
		{9122F0D6-AF88-46A6-B91F-EBAFE7F59672}.Debug|x86.Build.0 = Debug|Any CPU
		{9122F0D6-AF88-46A6-B91F-EBAFE7F59672}.Release|Any CPU.ActiveCfg = Release|Any CPU
		{9122F0D6-AF88-46A6-B91F-EBAFE7F59672}.Release|Any CPU.Build.0 = Release|Any CPU
		{9122F0D6-AF88-46A6-B91F-EBAFE7F59672}.Release|ARM.ActiveCfg = Release|Any CPU
		{9122F0D6-AF88-46A6-B91F-EBAFE7F59672}.Release|ARM.Build.0 = Release|Any CPU
		{9122F0D6-AF88-46A6-B91F-EBAFE7F59672}.Release|ARM64.ActiveCfg = Release|Any CPU
		{9122F0D6-AF88-46A6-B91F-EBAFE7F59672}.Release|ARM64.Build.0 = Release|Any CPU
		{9122F0D6-AF88-46A6-B91F-EBAFE7F59672}.Release|x64.ActiveCfg = Release|Any CPU
		{9122F0D6-AF88-46A6-B91F-EBAFE7F59672}.Release|x64.Build.0 = Release|Any CPU
		{9122F0D6-AF88-46A6-B91F-EBAFE7F59672}.Release|x86.ActiveCfg = Release|Any CPU
		{9122F0D6-AF88-46A6-B91F-EBAFE7F59672}.Release|x86.Build.0 = Release|Any CPU
		{473069AA-080A-493E-B7A8-0BEE7B0B00F1}.Debug|Any CPU.ActiveCfg = Debug|Any CPU
		{473069AA-080A-493E-B7A8-0BEE7B0B00F1}.Debug|Any CPU.Build.0 = Debug|Any CPU
		{473069AA-080A-493E-B7A8-0BEE7B0B00F1}.Debug|ARM.ActiveCfg = Debug|ARM
		{473069AA-080A-493E-B7A8-0BEE7B0B00F1}.Debug|ARM.Build.0 = Debug|ARM
		{473069AA-080A-493E-B7A8-0BEE7B0B00F1}.Debug|ARM64.ActiveCfg = Debug|ARM64
		{473069AA-080A-493E-B7A8-0BEE7B0B00F1}.Debug|ARM64.Build.0 = Debug|ARM64
		{473069AA-080A-493E-B7A8-0BEE7B0B00F1}.Debug|x64.ActiveCfg = Debug|x64
		{473069AA-080A-493E-B7A8-0BEE7B0B00F1}.Debug|x64.Build.0 = Debug|x64
		{473069AA-080A-493E-B7A8-0BEE7B0B00F1}.Debug|x86.ActiveCfg = Debug|x86
		{473069AA-080A-493E-B7A8-0BEE7B0B00F1}.Debug|x86.Build.0 = Debug|x86
		{473069AA-080A-493E-B7A8-0BEE7B0B00F1}.Release|Any CPU.ActiveCfg = Release|Any CPU
		{473069AA-080A-493E-B7A8-0BEE7B0B00F1}.Release|Any CPU.Build.0 = Release|Any CPU
		{473069AA-080A-493E-B7A8-0BEE7B0B00F1}.Release|ARM.ActiveCfg = Release|ARM
		{473069AA-080A-493E-B7A8-0BEE7B0B00F1}.Release|ARM.Build.0 = Release|ARM
		{473069AA-080A-493E-B7A8-0BEE7B0B00F1}.Release|ARM64.ActiveCfg = Release|ARM64
		{473069AA-080A-493E-B7A8-0BEE7B0B00F1}.Release|ARM64.Build.0 = Release|ARM64
		{473069AA-080A-493E-B7A8-0BEE7B0B00F1}.Release|x64.ActiveCfg = Release|x64
		{473069AA-080A-493E-B7A8-0BEE7B0B00F1}.Release|x64.Build.0 = Release|x64
		{473069AA-080A-493E-B7A8-0BEE7B0B00F1}.Release|x86.ActiveCfg = Release|x86
		{473069AA-080A-493E-B7A8-0BEE7B0B00F1}.Release|x86.Build.0 = Release|x86
		{BD6F7B87-B1AA-46A7-B03A-9D299EA6F636}.Debug|Any CPU.ActiveCfg = Debug|Any CPU
		{BD6F7B87-B1AA-46A7-B03A-9D299EA6F636}.Debug|Any CPU.Build.0 = Debug|Any CPU
		{BD6F7B87-B1AA-46A7-B03A-9D299EA6F636}.Debug|ARM.ActiveCfg = Debug|ARM
		{BD6F7B87-B1AA-46A7-B03A-9D299EA6F636}.Debug|ARM.Build.0 = Debug|ARM
		{BD6F7B87-B1AA-46A7-B03A-9D299EA6F636}.Debug|ARM64.ActiveCfg = Debug|ARM64
		{BD6F7B87-B1AA-46A7-B03A-9D299EA6F636}.Debug|ARM64.Build.0 = Debug|ARM64
		{BD6F7B87-B1AA-46A7-B03A-9D299EA6F636}.Debug|x64.ActiveCfg = Debug|x64
		{BD6F7B87-B1AA-46A7-B03A-9D299EA6F636}.Debug|x64.Build.0 = Debug|x64
		{BD6F7B87-B1AA-46A7-B03A-9D299EA6F636}.Debug|x86.ActiveCfg = Debug|x86
		{BD6F7B87-B1AA-46A7-B03A-9D299EA6F636}.Debug|x86.Build.0 = Debug|x86
		{BD6F7B87-B1AA-46A7-B03A-9D299EA6F636}.Release|Any CPU.ActiveCfg = Release|Any CPU
		{BD6F7B87-B1AA-46A7-B03A-9D299EA6F636}.Release|Any CPU.Build.0 = Release|Any CPU
		{BD6F7B87-B1AA-46A7-B03A-9D299EA6F636}.Release|ARM.ActiveCfg = Release|ARM
		{BD6F7B87-B1AA-46A7-B03A-9D299EA6F636}.Release|ARM.Build.0 = Release|ARM
		{BD6F7B87-B1AA-46A7-B03A-9D299EA6F636}.Release|ARM64.ActiveCfg = Release|ARM64
		{BD6F7B87-B1AA-46A7-B03A-9D299EA6F636}.Release|ARM64.Build.0 = Release|ARM64
		{BD6F7B87-B1AA-46A7-B03A-9D299EA6F636}.Release|x64.ActiveCfg = Release|x64
		{BD6F7B87-B1AA-46A7-B03A-9D299EA6F636}.Release|x64.Build.0 = Release|x64
		{BD6F7B87-B1AA-46A7-B03A-9D299EA6F636}.Release|x86.ActiveCfg = Release|x86
		{BD6F7B87-B1AA-46A7-B03A-9D299EA6F636}.Release|x86.Build.0 = Release|x86
	EndGlobalSection
	GlobalSection(SolutionProperties) = preSolution
		HideSolutionNode = FALSE
	EndGlobalSection
	GlobalSection(NestedProjects) = preSolution
		{29C20CF8-6019-427B-9987-E6059BA657E4} = {B16A8398-D555-46C8-972A-3F044BEBF8F3}
		{F80A99AB-BB3F-4833-9725-B6010B718687} = {B16A8398-D555-46C8-972A-3F044BEBF8F3}
		{3447C213-2FCA-4B36-9B70-623B62FEFA43} = {E063B8CE-478C-43E7-B741-B45EEABA52DB}
		{E8A6DE4F-8B0B-4BB4-89F2-FEDD0D15695D} = {E063B8CE-478C-43E7-B741-B45EEABA52DB}
		{2F386A53-B0E4-4AEC-8E3B-3963D3618AF4} = {33D9956A-7535-49AE-811D-B3A4E41E4452}
		{5482BCBE-6A23-4A3D-A0BE-851698B2E73F} = {33D9956A-7535-49AE-811D-B3A4E41E4452}
		{E063B8CE-478C-43E7-B741-B45EEABA52DB} = {B16A8398-D555-46C8-972A-3F044BEBF8F3}
	EndGlobalSection
	GlobalSection(ExtensibilityGlobals) = postSolution
		SolutionGuid = {1CF4C98B-AA02-437F-835B-5180310D2C16}
	EndGlobalSection
EndGlobal
