
Microsoft Visual Studio Solution File, Format Version 12.00
# Visual Studio Version 16
VisualStudioVersion = 16.0.29519.181
MinimumVisualStudioVersion = 10.0.40219.1
Project("{2150E333-8FDC-42A3-9474-1A3956D46DE8}") = "_SolutionItems", "_SolutionItems", "{7545C40B-F543-4122-90CF-8E2E5159D215}"
	ProjectSection(SolutionItems) = preProject
		.gitattributes = .gitattributes
		.gitignore = .gitignore
		build\CleanSolution.ps1 = build\CleanSolution.ps1
		build\CreateBlankTokens.ps1 = build\CreateBlankTokens.ps1
		README.md = README.md
	EndProjectSection
EndProject
Project("{FAE04EC0-301F-11D3-BF4B-00C04F79EFBC}") = "Brainf_ckSharp.Uwp", "src\Brainf_ckSharp.Uwp\Brainf_ckSharp.Uwp.csproj", "{45467BB7-1876-4182-B6B5-B0E5986CD96D}"
EndProject
Project("{FAE04EC0-301F-11D3-BF4B-00C04F79EFBC}") = "Brainf_ckSharp.Uwp.Controls.Ide", "src\Brainf_ckSharp.Uwp.Controls.Ide\Brainf_ckSharp.Uwp.Controls.Ide.csproj", "{473069AA-080A-493E-B7A8-0BEE7B0B00F1}"
EndProject
Project("{9A19103F-16F7-4668-BE54-9A1E7A4F7556}") = "Brainf_ckSharp.Git", "src\Brainf_ckSharp.Git\Brainf_ckSharp.Git.csproj", "{8000D892-951C-49B3-AE95-DB85D909C717}"
EndProject
Global
	GlobalSection(SolutionConfigurationPlatforms) = preSolution
		Debug|Any CPU = Debug|Any CPU
		Debug|ARM = Debug|ARM
		Debug|ARM64 = Debug|ARM64
		Debug|x64 = Debug|x64
		Debug|x86 = Debug|x86
		Release|Any CPU = Release|Any CPU
		Release|ARM = Release|ARM
		Release|ARM64 = Release|ARM64
		Release|x64 = Release|x64
		Release|x86 = Release|x86
	EndGlobalSection
	GlobalSection(ProjectConfigurationPlatforms) = postSolution
		{45467BB7-1876-4182-B6B5-B0E5986CD96D}.Debug|Any CPU.ActiveCfg = Debug|x86
		{45467BB7-1876-4182-B6B5-B0E5986CD96D}.Debug|ARM.ActiveCfg = Debug|ARM
		{45467BB7-1876-4182-B6B5-B0E5986CD96D}.Debug|ARM.Build.0 = Debug|ARM
		{45467BB7-1876-4182-B6B5-B0E5986CD96D}.Debug|ARM.Deploy.0 = Debug|ARM
		{45467BB7-1876-4182-B6B5-B0E5986CD96D}.Debug|ARM64.ActiveCfg = Debug|ARM64
		{45467BB7-1876-4182-B6B5-B0E5986CD96D}.Debug|ARM64.Build.0 = Debug|ARM64
		{45467BB7-1876-4182-B6B5-B0E5986CD96D}.Debug|ARM64.Deploy.0 = Debug|ARM64
		{45467BB7-1876-4182-B6B5-B0E5986CD96D}.Debug|x64.ActiveCfg = Debug|x64
		{45467BB7-1876-4182-B6B5-B0E5986CD96D}.Debug|x64.Build.0 = Debug|x64
		{45467BB7-1876-4182-B6B5-B0E5986CD96D}.Debug|x64.Deploy.0 = Debug|x64
		{45467BB7-1876-4182-B6B5-B0E5986CD96D}.Debug|x86.ActiveCfg = Debug|x86
		{45467BB7-1876-4182-B6B5-B0E5986CD96D}.Debug|x86.Build.0 = Debug|x86
		{45467BB7-1876-4182-B6B5-B0E5986CD96D}.Debug|x86.Deploy.0 = Debug|x86
		{45467BB7-1876-4182-B6B5-B0E5986CD96D}.Release|Any CPU.ActiveCfg = Release|x86
		{45467BB7-1876-4182-B6B5-B0E5986CD96D}.Release|ARM.ActiveCfg = Release|ARM
		{45467BB7-1876-4182-B6B5-B0E5986CD96D}.Release|ARM.Build.0 = Release|ARM
		{45467BB7-1876-4182-B6B5-B0E5986CD96D}.Release|ARM.Deploy.0 = Release|ARM
		{45467BB7-1876-4182-B6B5-B0E5986CD96D}.Release|ARM64.ActiveCfg = Release|ARM64
		{45467BB7-1876-4182-B6B5-B0E5986CD96D}.Release|ARM64.Build.0 = Release|ARM64
		{45467BB7-1876-4182-B6B5-B0E5986CD96D}.Release|ARM64.Deploy.0 = Release|ARM64
		{45467BB7-1876-4182-B6B5-B0E5986CD96D}.Release|x64.ActiveCfg = Release|x64
		{45467BB7-1876-4182-B6B5-B0E5986CD96D}.Release|x64.Build.0 = Release|x64
		{45467BB7-1876-4182-B6B5-B0E5986CD96D}.Release|x64.Deploy.0 = Release|x64
		{45467BB7-1876-4182-B6B5-B0E5986CD96D}.Release|x86.ActiveCfg = Release|x86
		{45467BB7-1876-4182-B6B5-B0E5986CD96D}.Release|x86.Build.0 = Release|x86
		{45467BB7-1876-4182-B6B5-B0E5986CD96D}.Release|x86.Deploy.0 = Release|x86
		{473069AA-080A-493E-B7A8-0BEE7B0B00F1}.Debug|Any CPU.ActiveCfg = Debug|Any CPU
		{473069AA-080A-493E-B7A8-0BEE7B0B00F1}.Debug|Any CPU.Build.0 = Debug|Any CPU
		{473069AA-080A-493E-B7A8-0BEE7B0B00F1}.Debug|ARM.ActiveCfg = Debug|ARM
		{473069AA-080A-493E-B7A8-0BEE7B0B00F1}.Debug|ARM.Build.0 = Debug|ARM
		{473069AA-080A-493E-B7A8-0BEE7B0B00F1}.Debug|ARM64.ActiveCfg = Debug|ARM64
		{473069AA-080A-493E-B7A8-0BEE7B0B00F1}.Debug|ARM64.Build.0 = Debug|ARM64
		{473069AA-080A-493E-B7A8-0BEE7B0B00F1}.Debug|x64.ActiveCfg = Debug|x64
		{473069AA-080A-493E-B7A8-0BEE7B0B00F1}.Debug|x64.Build.0 = Debug|x64
		{473069AA-080A-493E-B7A8-0BEE7B0B00F1}.Debug|x86.ActiveCfg = Debug|x86
		{473069AA-080A-493E-B7A8-0BEE7B0B00F1}.Debug|x86.Build.0 = Debug|x86
		{473069AA-080A-493E-B7A8-0BEE7B0B00F1}.Release|Any CPU.ActiveCfg = Release|Any CPU
		{473069AA-080A-493E-B7A8-0BEE7B0B00F1}.Release|Any CPU.Build.0 = Release|Any CPU
		{473069AA-080A-493E-B7A8-0BEE7B0B00F1}.Release|ARM.ActiveCfg = Release|ARM
		{473069AA-080A-493E-B7A8-0BEE7B0B00F1}.Release|ARM.Build.0 = Release|ARM
		{473069AA-080A-493E-B7A8-0BEE7B0B00F1}.Release|ARM64.ActiveCfg = Release|ARM64
		{473069AA-080A-493E-B7A8-0BEE7B0B00F1}.Release|ARM64.Build.0 = Release|ARM64
		{473069AA-080A-493E-B7A8-0BEE7B0B00F1}.Release|x64.ActiveCfg = Release|x64
		{473069AA-080A-493E-B7A8-0BEE7B0B00F1}.Release|x64.Build.0 = Release|x64
		{473069AA-080A-493E-B7A8-0BEE7B0B00F1}.Release|x86.ActiveCfg = Release|x86
		{473069AA-080A-493E-B7A8-0BEE7B0B00F1}.Release|x86.Build.0 = Release|x86
		{8000D892-951C-49B3-AE95-DB85D909C717}.Debug|Any CPU.ActiveCfg = Debug|Any CPU
		{8000D892-951C-49B3-AE95-DB85D909C717}.Debug|Any CPU.Build.0 = Debug|Any CPU
		{8000D892-951C-49B3-AE95-DB85D909C717}.Debug|ARM.ActiveCfg = Debug|Any CPU
		{8000D892-951C-49B3-AE95-DB85D909C717}.Debug|ARM.Build.0 = Debug|Any CPU
		{8000D892-951C-49B3-AE95-DB85D909C717}.Debug|ARM64.ActiveCfg = Debug|Any CPU
		{8000D892-951C-49B3-AE95-DB85D909C717}.Debug|ARM64.Build.0 = Debug|Any CPU
		{8000D892-951C-49B3-AE95-DB85D909C717}.Debug|x64.ActiveCfg = Debug|Any CPU
		{8000D892-951C-49B3-AE95-DB85D909C717}.Debug|x64.Build.0 = Debug|Any CPU
		{8000D892-951C-49B3-AE95-DB85D909C717}.Debug|x86.ActiveCfg = Debug|Any CPU
		{8000D892-951C-49B3-AE95-DB85D909C717}.Debug|x86.Build.0 = Debug|Any CPU
		{8000D892-951C-49B3-AE95-DB85D909C717}.Release|Any CPU.ActiveCfg = Release|Any CPU
		{8000D892-951C-49B3-AE95-DB85D909C717}.Release|Any CPU.Build.0 = Release|Any CPU
		{8000D892-951C-49B3-AE95-DB85D909C717}.Release|ARM.ActiveCfg = Release|Any CPU
		{8000D892-951C-49B3-AE95-DB85D909C717}.Release|ARM.Build.0 = Release|Any CPU
		{8000D892-951C-49B3-AE95-DB85D909C717}.Release|ARM64.ActiveCfg = Release|Any CPU
		{8000D892-951C-49B3-AE95-DB85D909C717}.Release|ARM64.Build.0 = Release|Any CPU
		{8000D892-951C-49B3-AE95-DB85D909C717}.Release|x64.ActiveCfg = Release|Any CPU
		{8000D892-951C-49B3-AE95-DB85D909C717}.Release|x64.Build.0 = Release|Any CPU
		{8000D892-951C-49B3-AE95-DB85D909C717}.Release|x86.ActiveCfg = Release|Any CPU
		{8000D892-951C-49B3-AE95-DB85D909C717}.Release|x86.Build.0 = Release|Any CPU
	EndGlobalSection
	GlobalSection(SolutionProperties) = preSolution
		HideSolutionNode = FALSE
	EndGlobalSection
	GlobalSection(ExtensibilityGlobals) = postSolution
		SolutionGuid = {1CF4C98B-AA02-437F-835B-5180310D2C16}
	EndGlobalSection
EndGlobal
