
Microsoft Visual Studio Solution File, Format Version 12.00
# Visual Studio Version 16
VisualStudioVersion = 16.0.29519.181
MinimumVisualStudioVersion = 10.0.40219.1
Project("{9A19103F-16F7-4668-BE54-9A1E7A4F7556}") = "Brainf_ck-sharp", "Brainf_ck-sharp\Brainf_ck-sharp.csproj", "{29C20CF8-6019-427B-9987-E6059BA657E4}"
EndProject
Project("{FAE04EC0-301F-11D3-BF4B-00C04F79EFBC}") = "Brainf_ck-sharp.UWP", "Brainf_ck-sharp.UWP\Brainf_ck-sharp.UWP.csproj", "{F80A99AB-BB3F-4833-9725-B6010B718687}"
EndProject
Project("{9A19103F-16F7-4668-BE54-9A1E7A4F7556}") = "Brainf_ck-sharp.Unit", "Brainf_ck-sharp.Unit\Brainf_ck-sharp.Unit.csproj", "{3447C213-2FCA-4B36-9B70-623B62FEFA43}"
EndProject
Project("{9A19103F-16F7-4668-BE54-9A1E7A4F7556}") = "Brainf_ck-sharp.Profiler", "Brainf_ck-sharp.Profiler\Brainf_ck-sharp.Profiler.csproj", "{E8A6DE4F-8B0B-4BB4-89F2-FEDD0D15695D}"
EndProject
Project("{FAE04EC0-301F-11D3-BF4B-00C04F79EFBC}") = "Brainf_ck-sharp.NET", "Brainf_ck-sharp.NET\Brainf_ck-sharp.NET.csproj", "{ACEEA540-7A2C-4705-AC68-5A8C3A5C2A38}"
EndProject
Global
	GlobalSection(SolutionConfigurationPlatforms) = preSolution
		Debug|Any CPU = Debug|Any CPU
		Debug|ARM = Debug|ARM
		Debug|x64 = Debug|x64
		Debug|x86 = Debug|x86
		Release|Any CPU = Release|Any CPU
		Release|ARM = Release|ARM
		Release|x64 = Release|x64
		Release|x86 = Release|x86
	EndGlobalSection
	GlobalSection(ProjectConfigurationPlatforms) = postSolution
		{29C20CF8-6019-427B-9987-E6059BA657E4}.Debug|Any CPU.ActiveCfg = Debug|Any CPU
		{29C20CF8-6019-427B-9987-E6059BA657E4}.Debug|Any CPU.Build.0 = Debug|Any CPU
		{29C20CF8-6019-427B-9987-E6059BA657E4}.Debug|ARM.ActiveCfg = Debug|Any CPU
		{29C20CF8-6019-427B-9987-E6059BA657E4}.Debug|ARM.Build.0 = Debug|Any CPU
		{29C20CF8-6019-427B-9987-E6059BA657E4}.Debug|x64.ActiveCfg = Debug|Any CPU
		{29C20CF8-6019-427B-9987-E6059BA657E4}.Debug|x64.Build.0 = Debug|Any CPU
		{29C20CF8-6019-427B-9987-E6059BA657E4}.Debug|x86.ActiveCfg = Debug|Any CPU
		{29C20CF8-6019-427B-9987-E6059BA657E4}.Debug|x86.Build.0 = Debug|Any CPU
		{29C20CF8-6019-427B-9987-E6059BA657E4}.Release|Any CPU.ActiveCfg = Release|Any CPU
		{29C20CF8-6019-427B-9987-E6059BA657E4}.Release|Any CPU.Build.0 = Release|Any CPU
		{29C20CF8-6019-427B-9987-E6059BA657E4}.Release|ARM.ActiveCfg = Release|Any CPU
		{29C20CF8-6019-427B-9987-E6059BA657E4}.Release|ARM.Build.0 = Release|Any CPU
		{29C20CF8-6019-427B-9987-E6059BA657E4}.Release|x64.ActiveCfg = Release|Any CPU
		{29C20CF8-6019-427B-9987-E6059BA657E4}.Release|x64.Build.0 = Release|Any CPU
		{29C20CF8-6019-427B-9987-E6059BA657E4}.Release|x86.ActiveCfg = Release|Any CPU
		{29C20CF8-6019-427B-9987-E6059BA657E4}.Release|x86.Build.0 = Release|Any CPU
		{F80A99AB-BB3F-4833-9725-B6010B718687}.Debug|Any CPU.ActiveCfg = Debug|x86
		{F80A99AB-BB3F-4833-9725-B6010B718687}.Debug|ARM.ActiveCfg = Debug|ARM
		{F80A99AB-BB3F-4833-9725-B6010B718687}.Debug|ARM.Build.0 = Debug|ARM
		{F80A99AB-BB3F-4833-9725-B6010B718687}.Debug|ARM.Deploy.0 = Debug|ARM
		{F80A99AB-BB3F-4833-9725-B6010B718687}.Debug|x64.ActiveCfg = Debug|x64
		{F80A99AB-BB3F-4833-9725-B6010B718687}.Debug|x64.Build.0 = Debug|x64
		{F80A99AB-BB3F-4833-9725-B6010B718687}.Debug|x64.Deploy.0 = Debug|x64
		{F80A99AB-BB3F-4833-9725-B6010B718687}.Debug|x86.ActiveCfg = Debug|x86
		{F80A99AB-BB3F-4833-9725-B6010B718687}.Debug|x86.Build.0 = Debug|x86
		{F80A99AB-BB3F-4833-9725-B6010B718687}.Debug|x86.Deploy.0 = Debug|x86
		{F80A99AB-BB3F-4833-9725-B6010B718687}.Release|Any CPU.ActiveCfg = Release|x86
		{F80A99AB-BB3F-4833-9725-B6010B718687}.Release|ARM.ActiveCfg = Release|ARM
		{F80A99AB-BB3F-4833-9725-B6010B718687}.Release|ARM.Build.0 = Release|ARM
		{F80A99AB-BB3F-4833-9725-B6010B718687}.Release|ARM.Deploy.0 = Release|ARM
		{F80A99AB-BB3F-4833-9725-B6010B718687}.Release|x64.ActiveCfg = Release|x64
		{F80A99AB-BB3F-4833-9725-B6010B718687}.Release|x64.Build.0 = Release|x64
		{F80A99AB-BB3F-4833-9725-B6010B718687}.Release|x64.Deploy.0 = Release|x64
		{F80A99AB-BB3F-4833-9725-B6010B718687}.Release|x86.ActiveCfg = Release|x86
		{F80A99AB-BB3F-4833-9725-B6010B718687}.Release|x86.Build.0 = Release|x86
		{F80A99AB-BB3F-4833-9725-B6010B718687}.Release|x86.Deploy.0 = Release|x86
		{3447C213-2FCA-4B36-9B70-623B62FEFA43}.Debug|Any CPU.ActiveCfg = Debug|Any CPU
		{3447C213-2FCA-4B36-9B70-623B62FEFA43}.Debug|Any CPU.Build.0 = Debug|Any CPU
		{3447C213-2FCA-4B36-9B70-623B62FEFA43}.Debug|ARM.ActiveCfg = Debug|Any CPU
		{3447C213-2FCA-4B36-9B70-623B62FEFA43}.Debug|ARM.Build.0 = Debug|Any CPU
		{3447C213-2FCA-4B36-9B70-623B62FEFA43}.Debug|x64.ActiveCfg = Debug|Any CPU
		{3447C213-2FCA-4B36-9B70-623B62FEFA43}.Debug|x64.Build.0 = Debug|Any CPU
		{3447C213-2FCA-4B36-9B70-623B62FEFA43}.Debug|x86.ActiveCfg = Debug|Any CPU
		{3447C213-2FCA-4B36-9B70-623B62FEFA43}.Debug|x86.Build.0 = Debug|Any CPU
		{3447C213-2FCA-4B36-9B70-623B62FEFA43}.Release|Any CPU.ActiveCfg = Release|Any CPU
		{3447C213-2FCA-4B36-9B70-623B62FEFA43}.Release|Any CPU.Build.0 = Release|Any CPU
		{3447C213-2FCA-4B36-9B70-623B62FEFA43}.Release|ARM.ActiveCfg = Release|Any CPU
		{3447C213-2FCA-4B36-9B70-623B62FEFA43}.Release|ARM.Build.0 = Release|Any CPU
		{3447C213-2FCA-4B36-9B70-623B62FEFA43}.Release|x64.ActiveCfg = Release|Any CPU
		{3447C213-2FCA-4B36-9B70-623B62FEFA43}.Release|x64.Build.0 = Release|Any CPU
		{3447C213-2FCA-4B36-9B70-623B62FEFA43}.Release|x86.ActiveCfg = Release|Any CPU
		{3447C213-2FCA-4B36-9B70-623B62FEFA43}.Release|x86.Build.0 = Release|Any CPU
		{E8A6DE4F-8B0B-4BB4-89F2-FEDD0D15695D}.Debug|Any CPU.ActiveCfg = Debug|Any CPU
		{E8A6DE4F-8B0B-4BB4-89F2-FEDD0D15695D}.Debug|Any CPU.Build.0 = Debug|Any CPU
		{E8A6DE4F-8B0B-4BB4-89F2-FEDD0D15695D}.Debug|ARM.ActiveCfg = Debug|Any CPU
		{E8A6DE4F-8B0B-4BB4-89F2-FEDD0D15695D}.Debug|ARM.Build.0 = Debug|Any CPU
		{E8A6DE4F-8B0B-4BB4-89F2-FEDD0D15695D}.Debug|x64.ActiveCfg = Debug|Any CPU
		{E8A6DE4F-8B0B-4BB4-89F2-FEDD0D15695D}.Debug|x64.Build.0 = Debug|Any CPU
		{E8A6DE4F-8B0B-4BB4-89F2-FEDD0D15695D}.Debug|x86.ActiveCfg = Debug|Any CPU
		{E8A6DE4F-8B0B-4BB4-89F2-FEDD0D15695D}.Debug|x86.Build.0 = Debug|Any CPU
		{E8A6DE4F-8B0B-4BB4-89F2-FEDD0D15695D}.Release|Any CPU.ActiveCfg = Release|Any CPU
		{E8A6DE4F-8B0B-4BB4-89F2-FEDD0D15695D}.Release|Any CPU.Build.0 = Release|Any CPU
		{E8A6DE4F-8B0B-4BB4-89F2-FEDD0D15695D}.Release|ARM.ActiveCfg = Release|Any CPU
		{E8A6DE4F-8B0B-4BB4-89F2-FEDD0D15695D}.Release|ARM.Build.0 = Release|Any CPU
		{E8A6DE4F-8B0B-4BB4-89F2-FEDD0D15695D}.Release|x64.ActiveCfg = Release|Any CPU
		{E8A6DE4F-8B0B-4BB4-89F2-FEDD0D15695D}.Release|x64.Build.0 = Release|Any CPU
		{E8A6DE4F-8B0B-4BB4-89F2-FEDD0D15695D}.Release|x86.ActiveCfg = Release|Any CPU
		{E8A6DE4F-8B0B-4BB4-89F2-FEDD0D15695D}.Release|x86.Build.0 = Release|Any CPU
		{ACEEA540-7A2C-4705-AC68-5A8C3A5C2A38}.Debug|Any CPU.ActiveCfg = Debug|Any CPU
		{ACEEA540-7A2C-4705-AC68-5A8C3A5C2A38}.Debug|Any CPU.Build.0 = Debug|Any CPU
		{ACEEA540-7A2C-4705-AC68-5A8C3A5C2A38}.Debug|ARM.ActiveCfg = Debug|Any CPU
		{ACEEA540-7A2C-4705-AC68-5A8C3A5C2A38}.Debug|ARM.Build.0 = Debug|Any CPU
		{ACEEA540-7A2C-4705-AC68-5A8C3A5C2A38}.Debug|x64.ActiveCfg = Debug|Any CPU
		{ACEEA540-7A2C-4705-AC68-5A8C3A5C2A38}.Debug|x64.Build.0 = Debug|Any CPU
		{ACEEA540-7A2C-4705-AC68-5A8C3A5C2A38}.Debug|x86.ActiveCfg = Debug|Any CPU
		{ACEEA540-7A2C-4705-AC68-5A8C3A5C2A38}.Debug|x86.Build.0 = Debug|Any CPU
		{ACEEA540-7A2C-4705-AC68-5A8C3A5C2A38}.Release|Any CPU.ActiveCfg = Release|Any CPU
		{ACEEA540-7A2C-4705-AC68-5A8C3A5C2A38}.Release|Any CPU.Build.0 = Release|Any CPU
		{ACEEA540-7A2C-4705-AC68-5A8C3A5C2A38}.Release|ARM.ActiveCfg = Release|Any CPU
		{ACEEA540-7A2C-4705-AC68-5A8C3A5C2A38}.Release|ARM.Build.0 = Release|Any CPU
		{ACEEA540-7A2C-4705-AC68-5A8C3A5C2A38}.Release|x64.ActiveCfg = Release|Any CPU
		{ACEEA540-7A2C-4705-AC68-5A8C3A5C2A38}.Release|x64.Build.0 = Release|Any CPU
		{ACEEA540-7A2C-4705-AC68-5A8C3A5C2A38}.Release|x86.ActiveCfg = Release|Any CPU
		{ACEEA540-7A2C-4705-AC68-5A8C3A5C2A38}.Release|x86.Build.0 = Release|Any CPU
	EndGlobalSection
	GlobalSection(SolutionProperties) = preSolution
		HideSolutionNode = FALSE
	EndGlobalSection
	GlobalSection(ExtensibilityGlobals) = postSolution
		SolutionGuid = {1CF4C98B-AA02-437F-835B-5180310D2C16}
	EndGlobalSection
EndGlobal
